// !$*UTF8*$!
{
	archiveVersion = 1;
	classes = {
	};
	objectVersion = 46;
	objects = {

/* Begin PBXBuildFile section */
		F4C7A9121D24A4200049AEAD /* AppDelegate.swift in Sources */ = {isa = PBXBuildFile; fileRef = F4C7A9111D24A4200049AEAD /* AppDelegate.swift */; };
		F4C7A9141D24A4200049AEAD /* Assets.xcassets in Resources */ = {isa = PBXBuildFile; fileRef = F4C7A9131D24A4200049AEAD /* Assets.xcassets */; };
		F4C7A9171D24A4200049AEAD /* MainMenu.xib in Resources */ = {isa = PBXBuildFile; fileRef = F4C7A9151D24A4200049AEAD /* MainMenu.xib */; };
/* End PBXBuildFile section */

/* Begin PBXFileReference section */
		F4C7A90E1D24A4200049AEAD /* ImageInEmptyTable.app */ = {isa = PBXFileReference; explicitFileType = wrapper.application; includeInIndex = 0; path = ImageInEmptyTable.app; sourceTree = BUILT_PRODUCTS_DIR; };
		F4C7A9111D24A4200049AEAD /* AppDelegate.swift */ = {isa = PBXFileReference; lastKnownFileType = sourcecode.swift; path = AppDelegate.swift; sourceTree = "<group>"; };
		F4C7A9131D24A4200049AEAD /* Assets.xcassets */ = {isa = PBXFileReference; lastKnownFileType = folder.assetcatalog; path = Assets.xcassets; sourceTree = "<group>"; };
		F4C7A9161D24A4200049AEAD /* Base */ = {isa = PBXFileReference; lastKnownFileType = file.xib; name = Base; path = Base.lproj/MainMenu.xib; sourceTree = "<group>"; };
		F4C7A9181D24A4200049AEAD /* Info.plist */ = {isa = PBXFileReference; lastKnownFileType = text.plist.xml; path = Info.plist; sourceTree = "<group>"; };
/* End PBXFileReference section */

/* Begin PBXFrameworksBuildPhase section */
		F4C7A90B1D24A4200049AEAD /* Frameworks */ = {
			isa = PBXFrameworksBuildPhase;
			buildActionMask = 2147483647;
			files = (
			);
			runOnlyForDeploymentPostprocessing = 0;
		};
/* End PBXFrameworksBuildPhase section */

/* Begin PBXGroup section */
		F4C7A9051D24A4200049AEAD = {
			isa = PBXGroup;
			children = (
				F4C7A9101D24A4200049AEAD /* ImageInEmptyTable */,
				F4C7A90F1D24A4200049AEAD /* Products */,
			);
			sourceTree = "<group>";
		};
		F4C7A90F1D24A4200049AEAD /* Products */ = {
			isa = PBXGroup;
			children = (
				F4C7A90E1D24A4200049AEAD /* ImageInEmptyTable.app */,
			);
			name = Products;
			sourceTree = "<group>";
		};
		F4C7A9101D24A4200049AEAD /* ImageInEmptyTable */ = {
			isa = PBXGroup;
			children = (
				F4C7A9111D24A4200049AEAD /* AppDelegate.swift */,
				F4C7A9131D24A4200049AEAD /* Assets.xcassets */,
				F4C7A9151D24A4200049AEAD /* MainMenu.xib */,
				F4C7A9181D24A4200049AEAD /* Info.plist */,
			);
			path = ImageInEmptyTable;
			sourceTree = "<group>";
		};
/* End PBXGroup section */

/* Begin PBXNativeTarget section */
		F4C7A90D1D24A4200049AEAD /* ImageInEmptyTable */ = {
			isa = PBXNativeTarget;
			buildConfigurationList = F4C7A91B1D24A4200049AEAD /* Build configuration list for PBXNativeTarget "ImageInEmptyTable" */;
			buildPhases = (
				F4C7A90A1D24A4200049AEAD /* Sources */,
				F4C7A90B1D24A4200049AEAD /* Frameworks */,
				F4C7A90C1D24A4200049AEAD /* Resources */,
			);
			buildRules = (
			);
			dependencies = (
			);
			name = ImageInEmptyTable;
			productName = ImageInEmptyTable;
			productReference = F4C7A90E1D24A4200049AEAD /* ImageInEmptyTable.app */;
			productType = "com.apple.product-type.application";
		};
/* End PBXNativeTarget section */

/* Begin PBXProject section */
		F4C7A9061D24A4200049AEAD /* Project object */ = {
			isa = PBXProject;
			attributes = {
				LastSwiftUpdateCheck = 0730;
				LastUpgradeCheck = 0730;
				ORGANIZATIONNAME = "Eugene Mankovski";
				TargetAttributes = {
					F4C7A90D1D24A4200049AEAD = {
						CreatedOnToolsVersion = 7.3.1;
					};
				};
			};
			buildConfigurationList = F4C7A9091D24A4200049AEAD /* Build configuration list for PBXProject "ImageInEmptyTable" */;
			compatibilityVersion = "Xcode 3.2";
			developmentRegion = English;
			hasScannedForEncodings = 0;
			knownRegions = (
				en,
				Base,
			);
			mainGroup = F4C7A9051D24A4200049AEAD;
			productRefGroup = F4C7A90F1D24A4200049AEAD /* Products */;
			projectDirPath = "";
			projectRoot = "";
			targets = (
				F4C7A90D1D24A4200049AEAD /* ImageInEmptyTable */,
			);
		};
/* End PBXProject section */

/* Begin PBXResourcesBuildPhase section */
		F4C7A90C1D24A4200049AEAD /* Resources */ = {
			isa = PBXResourcesBuildPhase;
			buildActionMask = 2147483647;
			files = (
				F4C7A9141D24A4200049AEAD /* Assets.xcassets in Resources */,
				F4C7A9171D24A4200049AEAD /* MainMenu.xib in Resources */,
			);
			runOnlyForDeploymentPostprocessing = 0;
		};
/* End PBXResourcesBuildPhase section */

/* Begin PBXSourcesBuildPhase section */
		F4C7A90A1D24A4200049AEAD /* Sources */ = {
			isa = PBXSourcesBuildPhase;
			buildActionMask = 2147483647;
			files = (
				F4C7A9121D24A4200049AEAD /* AppDelegate.swift in Sources */,
			);
			runOnlyForDeploymentPostprocessing = 0;
		};
/* End PBXSourcesBuildPhase section */

/* Begin PBXVariantGroup section */
		F4C7A9151D24A4200049AEAD /* MainMenu.xib */ = {
			isa = PBXVariantGroup;
			children = (
				F4C7A9161D24A4200049AEAD /* Base */,
			);
			name = MainMenu.xib;
			sourceTree = "<group>";
		};
/* End PBXVariantGroup section */

/* Begin XCBuildConfiguration section */
		F4C7A9191D24A4200049AEAD /* Debug */ = {
			isa = XCBuildConfiguration;
			buildSettings = {
				ALWAYS_SEARCH_USER_PATHS = NO;
				CLANG_ANALYZER_NONNULL = YES;
				CLANG_CXX_LANGUAGE_STANDARD = "gnu++0x";
				CLANG_CXX_LIBRARY = "libc++";
				CLANG_ENABLE_MODULES = YES;
				CLANG_ENABLE_OBJC_ARC = YES;
				CLANG_WARN_BOOL_CONVERSION = YES;
				CLANG_WARN_CONSTANT_CONVERSION = YES;
				CLANG_WARN_DIRECT_OBJC_ISA_USAGE = YES_ERROR;
				CLANG_WARN_EMPTY_BODY = YES;
				CLANG_WARN_ENUM_CONVERSION = YES;
				CLANG_WARN_INT_CONVERSION = YES;
				CLANG_WARN_OBJC_ROOT_CLASS = YES_ERROR;
				CLANG_WARN_UNREACHABLE_CODE = YES;
				CLANG_WARN__DUPLICATE_METHOD_MATCH = YES;
				CODE_SIGN_IDENTITY = "-";
				COPY_PHASE_STRIP = NO;
				DEBUG_INFORMATION_FORMAT = dwarf;
				ENABLE_STRICT_OBJC_MSGSEND = YES;
				ENABLE_TESTABILITY = YES;
				GCC_C_LANGUAGE_STANDARD = gnu99;
				GCC_DYNAMIC_NO_PIC = NO;
				GCC_NO_COMMON_BLOCKS = YES;
				GCC_OPTIMIZATION_LEVEL = 0;
				GCC_PREPROCESSOR_DEFINITIONS = (
					"DEBUG=1",
					"$(inherited)",
				);
				GCC_WARN_64_TO_32_BIT_CONVERSION = YES;
				GCC_WARN_ABOUT_RETURN_TYPE = YES_ERROR;
				GCC_WARN_UNDECLARED_SELECTOR = YES;
				GCC_WARN_UNINITIALIZED_AUTOS = YES_AGGRESSIVE;
				GCC_WARN_UNUSED_FUNCTION = YES;
				GCC_WARN_UNUSED_VARIABLE = YES;
				MACOSX_DEPLOYMENT_TARGET = 10.11;
				MTL_ENABLE_DEBUG_INFO = YES;
				ONLY_ACTIVE_ARCH = YES;
				SDKROOT = macosx;
				SWIFT_OPTIMIZATION_LEVEL = "-Onone";
			};
			name = Debug;
		};
		F4C7A91A1D24A4200049AEAD /* Release */ = {
			isa = XCBuildConfiguration;
			buildSettings = {
				ALWAYS_SEARCH_USER_PATHS = NO;
				CLANG_ANALYZER_NONNULL = YES;
				CLANG_CXX_LANGUAGE_STANDARD = "gnu++0x";
				CLANG_CXX_LIBRARY = "libc++";
				CLANG_ENABLE_MODULES = YES;
				CLANG_ENABLE_OBJC_ARC = YES;
				CLANG_WARN_BOOL_CONVERSION = YES;
				CLANG_WARN_CONSTANT_CONVERSION = YES;
				CLANG_WARN_DIRECT_OBJC_ISA_USAGE = YES_ERROR;
				CLANG_WARN_EMPTY_BODY = YES;
				CLANG_WARN_ENUM_CONVERSION = YES;
				CLANG_WARN_INT_CONVERSION = YES;
				CLANG_WARN_OBJC_ROOT_CLASS = YES_ERROR;
				CLANG_WARN_UNREACHABLE_CODE = YES;
				CLANG_WARN__DUPLICATE_METHOD_MATCH = YES;
				CODE_SIGN_IDENTITY = "-";
				COPY_PHASE_STRIP = NO;
				DEBUG_INFORMATION_FORMAT = "dwarf-with-dsym";
				ENABLE_NS_ASSERTIONS = NO;
				ENABLE_STRICT_OBJC_MSGSEND = YES;
				GCC_C_LANGUAGE_STANDARD = gnu99;
				GCC_NO_COMMON_BLOCKS = YES;
				GCC_WARN_64_TO_32_BIT_CONVERSION = YES;
				GCC_WARN_ABOUT_RETURN_TYPE = YES_ERROR;
				GCC_WARN_UNDECLARED_SELECTOR = YES;
				GCC_WARN_UNINITIALIZED_AUTOS = YES_AGGRESSIVE;
				GCC_WARN_UNUSED_FUNCTION = YES;
				GCC_WARN_UNUSED_VARIABLE = YES;
				MACOSX_DEPLOYMENT_TARGET = 10.11;
				MTL_ENABLE_DEBUG_INFO = NO;
				SDKROOT = macosx;
			};
			name = Release;
		};
		F4C7A91C1D24A4200049AEAD /* Debug */ = {
			isa = XCBuildConfiguration;
			buildSettings = {
				ASSETCATALOG_COMPILER_APPICON_NAME = AppIcon;
				COMBINE_HIDPI_IMAGES = YES;
				INFOPLIST_FILE = ImageInEmptyTable/Info.plist;
				LD_RUNPATH_SEARCH_PATHS = "$(inherited) @executable_path/../Frameworks";
				PRODUCT_BUNDLE_IDENTIFIER = net.mankovski.ImageInEmptyTable;
				PRODUCT_NAME = "$(TARGET_NAME)";
			};
			name = Debug;
		};
		F4C7A91D1D24A4200049AEAD /* Release */ = {
			isa = XCBuildConfiguration;
			buildSettings = {
				ASSETCATALOG_COMPILER_APPICON_NAME = AppIcon;
				COMBINE_HIDPI_IMAGES = YES;
				INFOPLIST_FILE = ImageInEmptyTable/Info.plist;
				LD_RUNPATH_SEARCH_PATHS = "$(inherited) @executable_path/../Frameworks";
				PRODUCT_BUNDLE_IDENTIFIER = net.mankovski.ImageInEmptyTable;
				PRODUCT_NAME = "$(TARGET_NAME)";
			};
			name = Release;
		};
/* End XCBuildConfiguration section */

/* Begin XCConfigurationList section */
		F4C7A9091D24A4200049AEAD /* Build configuration list for PBXProject "ImageInEmptyTable" */ = {
			isa = XCConfigurationList;
			buildConfigurations = (
				F4C7A9191D24A4200049AEAD /* Debug */,
				F4C7A91A1D24A4200049AEAD /* Release */,
			);
			defaultConfigurationIsVisible = 0;
			defaultConfigurationName = Release;
		};
		F4C7A91B1D24A4200049AEAD /* Build configuration list for PBXNativeTarget "ImageInEmptyTable" */ = {
			isa = XCConfigurationList;
			buildConfigurations = (
				F4C7A91C1D24A4200049AEAD /* Debug */,
				F4C7A91D1D24A4200049AEAD /* Release */,
			);
			defaultConfigurationIsVisible = 0;
		};
/* End XCConfigurationList section */
	};
	rootObject = F4C7A9061D24A4200049AEAD /* Project object */;
}
